// !$*UTF8*$!
{
	archiveVersion = 1;
	classes = {
	};
	objectVersion = 56;
	objects = {

/* Begin PBXBuildFile section */
		A300F349296FD2E7000F6D7A /* FruitDetailView.swift in Sources */ = {isa = PBXBuildFile; fileRef = A300F348296FD2E7000F6D7A /* FruitDetailView.swift */; };
		A300F34B296FDAD8000F6D7A /* FruitHeaderView.swift in Sources */ = {isa = PBXBuildFile; fileRef = A300F34A296FDAD8000F6D7A /* FruitHeaderView.swift */; };
		A300F34D296FDEE8000F6D7A /* SourceLinkView.swift in Sources */ = {isa = PBXBuildFile; fileRef = A300F34C296FDEE8000F6D7A /* SourceLinkView.swift */; };
		A342EF9C29706E1600BE8708 /* FruitNutrientsView.swift in Sources */ = {isa = PBXBuildFile; fileRef = A342EF9B29706E1600BE8708 /* FruitNutrientsView.swift */; };
		A342EF9E2970768100BE8708 /* SettingsView.swift in Sources */ = {isa = PBXBuildFile; fileRef = A342EF9D2970768100BE8708 /* SettingsView.swift */; };
		A342EFA029707FA800BE8708 /* SettingsLabelView.swift in Sources */ = {isa = PBXBuildFile; fileRef = A342EF9F29707FA800BE8708 /* SettingsLabelView.swift */; };
		A342EFA22970865400BE8708 /* SettingsRowView.swift in Sources */ = {isa = PBXBuildFile; fileRef = A342EFA12970865400BE8708 /* SettingsRowView.swift */; };
		A37B6CE0296F7A7C00D9FB12 /* StartButtonView.swift in Sources */ = {isa = PBXBuildFile; fileRef = A37B6CDF296F7A7C00D9FB12 /* StartButtonView.swift */; };
		A38966A0296F52C50033DE8F /* FructusApp.swift in Sources */ = {isa = PBXBuildFile; fileRef = A389669F296F52C50033DE8F /* FructusApp.swift */; };
		A38966A2296F52C50033DE8F /* ContentView.swift in Sources */ = {isa = PBXBuildFile; fileRef = A38966A1296F52C50033DE8F /* ContentView.swift */; };
		A38966A4296F52C70033DE8F /* Assets.xcassets in Resources */ = {isa = PBXBuildFile; fileRef = A38966A3296F52C70033DE8F /* Assets.xcassets */; };
		A38966A7296F52C70033DE8F /* Preview Assets.xcassets in Resources */ = {isa = PBXBuildFile; fileRef = A38966A6296F52C70033DE8F /* Preview Assets.xcassets */; };
		A38966B0296F72240033DE8F /* FruitCardView.swift in Sources */ = {isa = PBXBuildFile; fileRef = A38966AF296F72240033DE8F /* FruitCardView.swift */; };
		A3B452FE296FBC4A00249A53 /* OnboardingView.swift in Sources */ = {isa = PBXBuildFile; fileRef = A3B452FD296FBC4A00249A53 /* OnboardingView.swift */; };
		A3B45301296FBE4F00249A53 /* FruitModel.swift in Sources */ = {isa = PBXBuildFile; fileRef = A3B45300296FBE4F00249A53 /* FruitModel.swift */; };
		A3B45304296FC08300249A53 /* FruitData.swift in Sources */ = {isa = PBXBuildFile; fileRef = A3B45303296FC08300249A53 /* FruitData.swift */; };
		A3B45306296FCD2800249A53 /* FruitRowView.swift in Sources */ = {isa = PBXBuildFile; fileRef = A3B45305296FCD2800249A53 /* FruitRowView.swift */; };
/* End PBXBuildFile section */

/* Begin PBXFileReference section */
		A300F348296FD2E7000F6D7A /* FruitDetailView.swift */ = {isa = PBXFileReference; lastKnownFileType = sourcecode.swift; path = FruitDetailView.swift; sourceTree = "<group>"; };
		A300F34A296FDAD8000F6D7A /* FruitHeaderView.swift */ = {isa = PBXFileReference; lastKnownFileType = sourcecode.swift; path = FruitHeaderView.swift; sourceTree = "<group>"; };
		A300F34C296FDEE8000F6D7A /* SourceLinkView.swift */ = {isa = PBXFileReference; lastKnownFileType = sourcecode.swift; path = SourceLinkView.swift; sourceTree = "<group>"; };
		A342EF9B29706E1600BE8708 /* FruitNutrientsView.swift */ = {isa = PBXFileReference; lastKnownFileType = sourcecode.swift; path = FruitNutrientsView.swift; sourceTree = "<group>"; };
		A342EF9D2970768100BE8708 /* SettingsView.swift */ = {isa = PBXFileReference; lastKnownFileType = sourcecode.swift; path = SettingsView.swift; sourceTree = "<group>"; };
		A342EF9F29707FA800BE8708 /* SettingsLabelView.swift */ = {isa = PBXFileReference; lastKnownFileType = sourcecode.swift; path = SettingsLabelView.swift; sourceTree = "<group>"; };
		A342EFA12970865400BE8708 /* SettingsRowView.swift */ = {isa = PBXFileReference; lastKnownFileType = sourcecode.swift; path = SettingsRowView.swift; sourceTree = "<group>"; };
		A37B6CDF296F7A7C00D9FB12 /* StartButtonView.swift */ = {isa = PBXFileReference; lastKnownFileType = sourcecode.swift; path = StartButtonView.swift; sourceTree = "<group>"; };
		A389669C296F52C50033DE8F /* Fructus.app */ = {isa = PBXFileReference; explicitFileType = wrapper.application; includeInIndex = 0; path = Fructus.app; sourceTree = BUILT_PRODUCTS_DIR; };
		A389669F296F52C50033DE8F /* FructusApp.swift */ = {isa = PBXFileReference; lastKnownFileType = sourcecode.swift; path = FructusApp.swift; sourceTree = "<group>"; };
		A38966A1296F52C50033DE8F /* ContentView.swift */ = {isa = PBXFileReference; lastKnownFileType = sourcecode.swift; path = ContentView.swift; sourceTree = "<group>"; };
		A38966A3296F52C70033DE8F /* Assets.xcassets */ = {isa = PBXFileReference; lastKnownFileType = folder.assetcatalog; path = Assets.xcassets; sourceTree = "<group>"; };
		A38966A6296F52C70033DE8F /* Preview Assets.xcassets */ = {isa = PBXFileReference; lastKnownFileType = folder.assetcatalog; path = "Preview Assets.xcassets"; sourceTree = "<group>"; };
		A38966AF296F72240033DE8F /* FruitCardView.swift */ = {isa = PBXFileReference; lastKnownFileType = sourcecode.swift; path = FruitCardView.swift; sourceTree = "<group>"; };
		A3B452FD296FBC4A00249A53 /* OnboardingView.swift */ = {isa = PBXFileReference; lastKnownFileType = sourcecode.swift; path = OnboardingView.swift; sourceTree = "<group>"; };
		A3B45300296FBE4F00249A53 /* FruitModel.swift */ = {isa = PBXFileReference; lastKnownFileType = sourcecode.swift; path = FruitModel.swift; sourceTree = "<group>"; };
		A3B45303296FC08300249A53 /* FruitData.swift */ = {isa = PBXFileReference; lastKnownFileType = sourcecode.swift; path = FruitData.swift; sourceTree = "<group>"; };
		A3B45305296FCD2800249A53 /* FruitRowView.swift */ = {isa = PBXFileReference; lastKnownFileType = sourcecode.swift; path = FruitRowView.swift; sourceTree = "<group>"; };
/* End PBXFileReference section */

/* Begin PBXFrameworksBuildPhase section */
		A3896699296F52C40033DE8F /* Frameworks */ = {
			isa = PBXFrameworksBuildPhase;
			buildActionMask = 2147483647;
			files = (
			);
			runOnlyForDeploymentPostprocessing = 0;
		};
/* End PBXFrameworksBuildPhase section */

/* Begin PBXGroup section */
		A3896693296F52C40033DE8F = {
			isa = PBXGroup;
			children = (
				A389669E296F52C50033DE8F /* Fructus */,
				A389669D296F52C50033DE8F /* Products */,
			);
			sourceTree = "<group>";
		};
		A389669D296F52C50033DE8F /* Products */ = {
			isa = PBXGroup;
			children = (
				A389669C296F52C50033DE8F /* Fructus.app */,
			);
			name = Products;
			sourceTree = "<group>";
		};
		A389669E296F52C50033DE8F /* Fructus */ = {
			isa = PBXGroup;
			children = (
				A3B45302296FC07200249A53 /* Data */,
				A3B452FF296FBE0B00249A53 /* Model */,
				A38966AE296F71E20033DE8F /* View */,
				A38966AD296F71B00033DE8F /* App */,
				A38966A3296F52C70033DE8F /* Assets.xcassets */,
				A38966A5296F52C70033DE8F /* Preview Content */,
			);
			path = Fructus;
			sourceTree = "<group>";
		};
		A38966A5296F52C70033DE8F /* Preview Content */ = {
			isa = PBXGroup;
			children = (
				A38966A6296F52C70033DE8F /* Preview Assets.xcassets */,
			);
			path = "Preview Content";
			sourceTree = "<group>";
		};
		A38966AD296F71B00033DE8F /* App */ = {
			isa = PBXGroup;
			children = (
				A300F348296FD2E7000F6D7A /* FruitDetailView.swift */,
				A389669F296F52C50033DE8F /* FructusApp.swift */,
				A38966A1296F52C50033DE8F /* ContentView.swift */,
				A3B452FD296FBC4A00249A53 /* OnboardingView.swift */,
				A342EF9D2970768100BE8708 /* SettingsView.swift */,
			);
			path = App;
			sourceTree = "<group>";
		};
		A38966AE296F71E20033DE8F /* View */ = {
			isa = PBXGroup;
			children = (
				A38966AF296F72240033DE8F /* FruitCardView.swift */,
				A37B6CDF296F7A7C00D9FB12 /* StartButtonView.swift */,
				A3B45305296FCD2800249A53 /* FruitRowView.swift */,
				A300F34A296FDAD8000F6D7A /* FruitHeaderView.swift */,
				A300F34C296FDEE8000F6D7A /* SourceLinkView.swift */,
				A342EF9B29706E1600BE8708 /* FruitNutrientsView.swift */,
				A342EF9F29707FA800BE8708 /* SettingsLabelView.swift */,
				A342EFA12970865400BE8708 /* SettingsRowView.swift */,
			);
			path = View;
			sourceTree = "<group>";
		};
		A3B452FF296FBE0B00249A53 /* Model */ = {
			isa = PBXGroup;
			children = (
				A3B45300296FBE4F00249A53 /* FruitModel.swift */,
			);
			path = Model;
			sourceTree = "<group>";
		};
		A3B45302296FC07200249A53 /* Data */ = {
			isa = PBXGroup;
			children = (
				A3B45303296FC08300249A53 /* FruitData.swift */,
			);
			path = Data;
			sourceTree = "<group>";
		};
/* End PBXGroup section */

/* Begin PBXNativeTarget section */
		A389669B296F52C40033DE8F /* Fructus */ = {
			isa = PBXNativeTarget;
			buildConfigurationList = A38966AA296F52C70033DE8F /* Build configuration list for PBXNativeTarget "Fructus" */;
			buildPhases = (
				A3896698296F52C40033DE8F /* Sources */,
				A3896699296F52C40033DE8F /* Frameworks */,
				A389669A296F52C40033DE8F /* Resources */,
			);
			buildRules = (
			);
			dependencies = (
			);
			name = Fructus;
			productName = Fructus;
			productReference = A389669C296F52C50033DE8F /* Fructus.app */;
			productType = "com.apple.product-type.application";
		};
/* End PBXNativeTarget section */

/* Begin PBXProject section */
		A3896694296F52C40033DE8F /* Project object */ = {
			isa = PBXProject;
			attributes = {
				BuildIndependentTargetsInParallel = 1;
				LastSwiftUpdateCheck = 1420;
				LastUpgradeCheck = 1420;
				TargetAttributes = {
					A389669B296F52C40033DE8F = {
						CreatedOnToolsVersion = 14.2;
					};
				};
			};
			buildConfigurationList = A3896697296F52C40033DE8F /* Build configuration list for PBXProject "Fructus" */;
			compatibilityVersion = "Xcode 14.0";
			developmentRegion = en;
			hasScannedForEncodings = 0;
			knownRegions = (
				en,
				Base,
			);
			mainGroup = A3896693296F52C40033DE8F;
			productRefGroup = A389669D296F52C50033DE8F /* Products */;
			projectDirPath = "";
			projectRoot = "";
			targets = (
				A389669B296F52C40033DE8F /* Fructus */,
			);
		};
/* End PBXProject section */

/* Begin PBXResourcesBuildPhase section */
		A389669A296F52C40033DE8F /* Resources */ = {
			isa = PBXResourcesBuildPhase;
			buildActionMask = 2147483647;
			files = (
				A38966A7296F52C70033DE8F /* Preview Assets.xcassets in Resources */,
				A38966A4296F52C70033DE8F /* Assets.xcassets in Resources */,
			);
			runOnlyForDeploymentPostprocessing = 0;
		};
/* End PBXResourcesBuildPhase section */

/* Begin PBXSourcesBuildPhase section */
		A3896698296F52C40033DE8F /* Sources */ = {
			isa = PBXSourcesBuildPhase;
			buildActionMask = 2147483647;
			files = (
				A3B45304296FC08300249A53 /* FruitData.swift in Sources */,
				A300F34D296FDEE8000F6D7A /* SourceLinkView.swift in Sources */,
				A342EFA22970865400BE8708 /* SettingsRowView.swift in Sources */,
				A38966B0296F72240033DE8F /* FruitCardView.swift in Sources */,
				A3B45306296FCD2800249A53 /* FruitRowView.swift in Sources */,
				A342EF9C29706E1600BE8708 /* FruitNutrientsView.swift in Sources */,
				A37B6CE0296F7A7C00D9FB12 /* StartButtonView.swift in Sources */,
				A300F349296FD2E7000F6D7A /* FruitDetailView.swift in Sources */,
				A3B45301296FBE4F00249A53 /* FruitModel.swift in Sources */,
				A300F34B296FDAD8000F6D7A /* FruitHeaderView.swift in Sources */,
				A38966A2296F52C50033DE8F /* ContentView.swift in Sources */,
				A342EFA029707FA800BE8708 /* SettingsLabelView.swift in Sources */,
				A3B452FE296FBC4A00249A53 /* OnboardingView.swift in Sources */,
				A38966A0296F52C50033DE8F /* FructusApp.swift in Sources */,
				A342EF9E2970768100BE8708 /* SettingsView.swift in Sources */,
			);
			runOnlyForDeploymentPostprocessing = 0;
		};
/* End PBXSourcesBuildPhase section */

/* Begin XCBuildConfiguration section */
		A38966A8296F52C70033DE8F /* Debug */ = {
			isa = XCBuildConfiguration;
			buildSettings = {
				ALWAYS_SEARCH_USER_PATHS = NO;
				CLANG_ANALYZER_NONNULL = YES;
				CLANG_ANALYZER_NUMBER_OBJECT_CONVERSION = YES_AGGRESSIVE;
				CLANG_CXX_LANGUAGE_STANDARD = "gnu++20";
				CLANG_ENABLE_MODULES = YES;
				CLANG_ENABLE_OBJC_ARC = YES;
				CLANG_ENABLE_OBJC_WEAK = YES;
				CLANG_WARN_BLOCK_CAPTURE_AUTORELEASING = YES;
				CLANG_WARN_BOOL_CONVERSION = YES;
				CLANG_WARN_COMMA = YES;
				CLANG_WARN_CONSTANT_CONVERSION = YES;
				CLANG_WARN_DEPRECATED_OBJC_IMPLEMENTATIONS = YES;
				CLANG_WARN_DIRECT_OBJC_ISA_USAGE = YES_ERROR;
				CLANG_WARN_DOCUMENTATION_COMMENTS = YES;
				CLANG_WARN_EMPTY_BODY = YES;
				CLANG_WARN_ENUM_CONVERSION = YES;
				CLANG_WARN_INFINITE_RECURSION = YES;
				CLANG_WARN_INT_CONVERSION = YES;
				CLANG_WARN_NON_LITERAL_NULL_CONVERSION = YES;
				CLANG_WARN_OBJC_IMPLICIT_RETAIN_SELF = YES;
				CLANG_WARN_OBJC_LITERAL_CONVERSION = YES;
				CLANG_WARN_OBJC_ROOT_CLASS = YES_ERROR;
				CLANG_WARN_QUOTED_INCLUDE_IN_FRAMEWORK_HEADER = YES;
				CLANG_WARN_RANGE_LOOP_ANALYSIS = YES;
				CLANG_WARN_STRICT_PROTOTYPES = YES;
				CLANG_WARN_SUSPICIOUS_MOVE = YES;
				CLANG_WARN_UNGUARDED_AVAILABILITY = YES_AGGRESSIVE;
				CLANG_WARN_UNREACHABLE_CODE = YES;
				CLANG_WARN__DUPLICATE_METHOD_MATCH = YES;
				COPY_PHASE_STRIP = NO;
				DEBUG_INFORMATION_FORMAT = dwarf;
				ENABLE_STRICT_OBJC_MSGSEND = YES;
				ENABLE_TESTABILITY = YES;
				GCC_C_LANGUAGE_STANDARD = gnu11;
				GCC_DYNAMIC_NO_PIC = NO;
				GCC_NO_COMMON_BLOCKS = YES;
				GCC_OPTIMIZATION_LEVEL = 0;
				GCC_PREPROCESSOR_DEFINITIONS = (
					"DEBUG=1",
					"$(inherited)",
				);
				GCC_WARN_64_TO_32_BIT_CONVERSION = YES;
				GCC_WARN_ABOUT_RETURN_TYPE = YES_ERROR;
				GCC_WARN_UNDECLARED_SELECTOR = YES;
				GCC_WARN_UNINITIALIZED_AUTOS = YES_AGGRESSIVE;
				GCC_WARN_UNUSED_FUNCTION = YES;
				GCC_WARN_UNUSED_VARIABLE = YES;
				IPHONEOS_DEPLOYMENT_TARGET = 16.2;
				MTL_ENABLE_DEBUG_INFO = INCLUDE_SOURCE;
				MTL_FAST_MATH = YES;
				ONLY_ACTIVE_ARCH = YES;
				SDKROOT = iphoneos;
				SWIFT_ACTIVE_COMPILATION_CONDITIONS = DEBUG;
				SWIFT_OPTIMIZATION_LEVEL = "-Onone";
			};
			name = Debug;
		};
		A38966A9296F52C70033DE8F /* Release */ = {
			isa = XCBuildConfiguration;
			buildSettings = {
				ALWAYS_SEARCH_USER_PATHS = NO;
				CLANG_ANALYZER_NONNULL = YES;
				CLANG_ANALYZER_NUMBER_OBJECT_CONVERSION = YES_AGGRESSIVE;
				CLANG_CXX_LANGUAGE_STANDARD = "gnu++20";
				CLANG_ENABLE_MODULES = YES;
				CLANG_ENABLE_OBJC_ARC = YES;
				CLANG_ENABLE_OBJC_WEAK = YES;
				CLANG_WARN_BLOCK_CAPTURE_AUTORELEASING = YES;
				CLANG_WARN_BOOL_CONVERSION = YES;
				CLANG_WARN_COMMA = YES;
				CLANG_WARN_CONSTANT_CONVERSION = YES;
				CLANG_WARN_DEPRECATED_OBJC_IMPLEMENTATIONS = YES;
				CLANG_WARN_DIRECT_OBJC_ISA_USAGE = YES_ERROR;
				CLANG_WARN_DOCUMENTATION_COMMENTS = YES;
				CLANG_WARN_EMPTY_BODY = YES;
				CLANG_WARN_ENUM_CONVERSION = YES;
				CLANG_WARN_INFINITE_RECURSION = YES;
				CLANG_WARN_INT_CONVERSION = YES;
				CLANG_WARN_NON_LITERAL_NULL_CONVERSION = YES;
				CLANG_WARN_OBJC_IMPLICIT_RETAIN_SELF = YES;
				CLANG_WARN_OBJC_LITERAL_CONVERSION = YES;
				CLANG_WARN_OBJC_ROOT_CLASS = YES_ERROR;
				CLANG_WARN_QUOTED_INCLUDE_IN_FRAMEWORK_HEADER = YES;
				CLANG_WARN_RANGE_LOOP_ANALYSIS = YES;
				CLANG_WARN_STRICT_PROTOTYPES = YES;
				CLANG_WARN_SUSPICIOUS_MOVE = YES;
				CLANG_WARN_UNGUARDED_AVAILABILITY = YES_AGGRESSIVE;
				CLANG_WARN_UNREACHABLE_CODE = YES;
				CLANG_WARN__DUPLICATE_METHOD_MATCH = YES;
				COPY_PHASE_STRIP = NO;
				DEBUG_INFORMATION_FORMAT = "dwarf-with-dsym";
				ENABLE_NS_ASSERTIONS = NO;
				ENABLE_STRICT_OBJC_MSGSEND = YES;
				GCC_C_LANGUAGE_STANDARD = gnu11;
				GCC_NO_COMMON_BLOCKS = YES;
				GCC_WARN_64_TO_32_BIT_CONVERSION = YES;
				GCC_WARN_ABOUT_RETURN_TYPE = YES_ERROR;
				GCC_WARN_UNDECLARED_SELECTOR = YES;
				GCC_WARN_UNINITIALIZED_AUTOS = YES_AGGRESSIVE;
				GCC_WARN_UNUSED_FUNCTION = YES;
				GCC_WARN_UNUSED_VARIABLE = YES;
				IPHONEOS_DEPLOYMENT_TARGET = 16.2;
				MTL_ENABLE_DEBUG_INFO = NO;
				MTL_FAST_MATH = YES;
				SDKROOT = iphoneos;
				SWIFT_COMPILATION_MODE = wholemodule;
				SWIFT_OPTIMIZATION_LEVEL = "-O";
				VALIDATE_PRODUCT = YES;
			};
			name = Release;
		};
		A38966AB296F52C70033DE8F /* Debug */ = {
			isa = XCBuildConfiguration;
			buildSettings = {
				ASSETCATALOG_COMPILER_APPICON_NAME = AppIcon;
				ASSETCATALOG_COMPILER_GLOBAL_ACCENT_COLOR_NAME = AccentColor;
				CODE_SIGN_STYLE = Automatic;
				CURRENT_PROJECT_VERSION = 1;
				DEVELOPMENT_ASSET_PATHS = "\"Fructus/Preview Content\"";
				DEVELOPMENT_TEAM = LJ4XCD8HD3;
				ENABLE_PREVIEWS = YES;
				GENERATE_INFOPLIST_FILE = YES;
				INFOPLIST_KEY_UIApplicationSceneManifest_Generation = YES;
				INFOPLIST_KEY_UIApplicationSupportsIndirectInputEvents = YES;
				INFOPLIST_KEY_UILaunchScreen_Generation = YES;
				INFOPLIST_KEY_UISupportedInterfaceOrientations = UIInterfaceOrientationPortrait;
				INFOPLIST_KEY_UISupportedInterfaceOrientations_iPad = "UIInterfaceOrientationPortrait UIInterfaceOrientationPortraitUpsideDown";
				LD_RUNPATH_SEARCH_PATHS = (
					"$(inherited)",
					"@executable_path/Frameworks",
				);
				MARKETING_VERSION = 1.0;
				PRODUCT_BUNDLE_IDENTIFIER = com.dave.saurabh.Fructus;
				PRODUCT_NAME = "$(TARGET_NAME)";
				SWIFT_EMIT_LOC_STRINGS = YES;
				SWIFT_VERSION = 5.0;
				TARGETED_DEVICE_FAMILY = "1,2";
			};
			name = Debug;
		};
		A38966AC296F52C70033DE8F /* Release */ = {
			isa = XCBuildConfiguration;
			buildSettings = {
				ASSETCATALOG_COMPILER_APPICON_NAME = AppIcon;
				ASSETCATALOG_COMPILER_GLOBAL_ACCENT_COLOR_NAME = AccentColor;
				CODE_SIGN_STYLE = Automatic;
				CURRENT_PROJECT_VERSION = 1;
				DEVELOPMENT_ASSET_PATHS = "\"Fructus/Preview Content\"";
				DEVELOPMENT_TEAM = LJ4XCD8HD3;
				ENABLE_PREVIEWS = YES;
				GENERATE_INFOPLIST_FILE = YES;
				INFOPLIST_KEY_UIApplicationSceneManifest_Generation = YES;
				INFOPLIST_KEY_UIApplicationSupportsIndirectInputEvents = YES;
				INFOPLIST_KEY_UILaunchScreen_Generation = YES;
				INFOPLIST_KEY_UISupportedInterfaceOrientations = UIInterfaceOrientationPortrait;
				INFOPLIST_KEY_UISupportedInterfaceOrientations_iPad = "UIInterfaceOrientationPortrait UIInterfaceOrientationPortraitUpsideDown";
				LD_RUNPATH_SEARCH_PATHS = (
					"$(inherited)",
					"@executable_path/Frameworks",
				);
				MARKETING_VERSION = 1.0;
				PRODUCT_BUNDLE_IDENTIFIER = com.dave.saurabh.Fructus;
				PRODUCT_NAME = "$(TARGET_NAME)";
				SWIFT_EMIT_LOC_STRINGS = YES;
				SWIFT_VERSION = 5.0;
				TARGETED_DEVICE_FAMILY = "1,2";
			};
			name = Release;
		};
/* End XCBuildConfiguration section */

/* Begin XCConfigurationList section */
		A3896697296F52C40033DE8F /* Build configuration list for PBXProject "Fructus" */ = {
			isa = XCConfigurationList;
			buildConfigurations = (
				A38966A8296F52C70033DE8F /* Debug */,
				A38966A9296F52C70033DE8F /* Release */,
			);
			defaultConfigurationIsVisible = 0;
			defaultConfigurationName = Release;
		};
		A38966AA296F52C70033DE8F /* Build configuration list for PBXNativeTarget "Fructus" */ = {
			isa = XCConfigurationList;
			buildConfigurations = (
				A38966AB296F52C70033DE8F /* Debug */,
				A38966AC296F52C70033DE8F /* Release */,
			);
			defaultConfigurationIsVisible = 0;
			defaultConfigurationName = Release;
		};
/* End XCConfigurationList section */
	};
	rootObject = A3896694296F52C40033DE8F /* Project object */;
}
